
Microsoft Visual Studio Solution File, Format Version 12.00
# Visual Studio 15
VisualStudioVersion = 15.0.26730.16
MinimumVisualStudioVersion = 10.0.40219.1
Project("{FAE04EC0-301F-11D3-BF4B-00C04F79EFBC}") = "Mifare Tool", "Mifare Tool\Mifare Tool.csproj", "{C7CB0288-0BAA-4356-BA99-4F03FB0E3335}"
EndProject
Global
	GlobalSection(SolutionConfigurationPlatforms) = preSolution
		Debug|ARM = Debug|ARM
		Debug|x64 = Debug|x64
		Debug|x86 = Debug|x86
		Release|ARM = Release|ARM
		Release|x64 = Release|x64
		Release|x86 = Release|x86
	EndGlobalSection
	GlobalSection(ProjectConfigurationPlatforms) = postSolution
		{C7CB0288-0BAA-4356-BA99-4F03FB0E3335}.Debug|ARM.ActiveCfg = Debug|ARM
		{C7CB0288-0BAA-4356-BA99-4F03FB0E3335}.Debug|ARM.Build.0 = Debug|ARM
		{C7CB0288-0BAA-4356-BA99-4F03FB0E3335}.Debug|ARM.Deploy.0 = Debug|ARM
		{C7CB0288-0BAA-4356-BA99-4F03FB0E3335}.Debug|x64.ActiveCfg = Debug|x64
		{C7CB0288-0BAA-4356-BA99-4F03FB0E3335}.Debug|x64.Build.0 = Debug|x64
		{C7CB0288-0BAA-4356-BA99-4F03FB0E3335}.Debug|x64.Deploy.0 = Debug|x64
		{C7CB0288-0BAA-4356-BA99-4F03FB0E3335}.Debug|x86.ActiveCfg = Debug|x86
		{C7CB0288-0BAA-4356-BA99-4F03FB0E3335}.Debug|x86.Build.0 = Debug|x86
		{C7CB0288-0BAA-4356-BA99-4F03FB0E3335}.Debug|x86.Deploy.0 = Debug|x86
		{C7CB0288-0BAA-4356-BA99-4F03FB0E3335}.Release|ARM.ActiveCfg = Release|ARM
		{C7CB0288-0BAA-4356-BA99-4F03FB0E3335}.Release|ARM.Build.0 = Release|ARM
		{C7CB0288-0BAA-4356-BA99-4F03FB0E3335}.Release|ARM.Deploy.0 = Release|ARM
		{C7CB0288-0BAA-4356-BA99-4F03FB0E3335}.Release|x64.ActiveCfg = Release|x64
		{C7CB0288-0BAA-4356-BA99-4F03FB0E3335}.Release|x64.Build.0 = Release|x64
		{C7CB0288-0BAA-4356-BA99-4F03FB0E3335}.Release|x64.Deploy.0 = Release|x64
		{C7CB0288-0BAA-4356-BA99-4F03FB0E3335}.Release|x86.ActiveCfg = Release|x86
		{C7CB0288-0BAA-4356-BA99-4F03FB0E3335}.Release|x86.Build.0 = Release|x86
		{C7CB0288-0BAA-4356-BA99-4F03FB0E3335}.Release|x86.Deploy.0 = Release|x86
	EndGlobalSection
	GlobalSection(SolutionProperties) = preSolution
		HideSolutionNode = FALSE
	EndGlobalSection
	GlobalSection(ExtensibilityGlobals) = postSolution
		SolutionGuid = {47408020-5B84-4C25-AA9A-C2CEB3C09CA6}
	EndGlobalSection
EndGlobal
